
Microsoft Visual Studio Solution File, Format Version 12.00
# Visual Studio Version 17
VisualStudioVersion = 17.6.33815.320
MinimumVisualStudioVersion = 10.0.40219.1
Project("{9A19103F-16F7-4668-BE54-9A1E7A4F7556}") = "Assignment2", "Assignment2.csproj", "{B50F04CD-DF95-45D6-9151-ABBFFDF82EFC}"
EndProject
Global
	GlobalSection(SolutionConfigurationPlatforms) = preSolution
		Debug|Any CPU = Debug|Any CPU
		Release|Any CPU = Release|Any CPU
	EndGlobalSection
	GlobalSection(ProjectConfigurationPlatforms) = postSolution
		{B50F04CD-DF95-45D6-9151-ABBFFDF82EFC}.Debug|Any CPU.ActiveCfg = Debug|Any CPU
		{B50F04CD-DF95-45D6-9151-ABBFFDF82EFC}.Debug|Any CPU.Build.0 = Debug|Any CPU
		{B50F04CD-DF95-45D6-9151-ABBFFDF82EFC}.Release|Any CPU.ActiveCfg = Release|Any CPU
		{B50F04CD-DF95-45D6-9151-ABBFFDF82EFC}.Release|Any CPU.Build.0 = Release|Any CPU
	EndGlobalSection
	GlobalSection(SolutionProperties) = preSolution
		HideSolutionNode = FALSE
	EndGlobalSection
	GlobalSection(ExtensibilityGlobals) = postSolution
		SolutionGuid = {0FEA8D47-4505-4853-B857-B8478DCBFA80}
	EndGlobalSection
EndGlobal
